
Microsoft Visual Studio Solution File, Format Version 12.00
# Visual Studio Version 16
VisualStudioVersion = 16.0.29806.167
MinimumVisualStudioVersion = 10.0.40219.1
Project("{9A19103F-16F7-4668-BE54-9A1E7A4F7556}") = "Elastic.Serilog.Web", "Elastic.Serilog.Web.csproj", "{E3A26D41-6ED5-4AFC-867E-1F9D1EC92264}"
EndProject
Global
	GlobalSection(SolutionConfigurationPlatforms) = preSolution
		Debug|Any CPU = Debug|Any CPU
		Release|Any CPU = Release|Any CPU
	EndGlobalSection
	GlobalSection(ProjectConfigurationPlatforms) = postSolution
		{E3A26D41-6ED5-4AFC-867E-1F9D1EC92264}.Debug|Any CPU.ActiveCfg = Debug|Any CPU
		{E3A26D41-6ED5-4AFC-867E-1F9D1EC92264}.Debug|Any CPU.Build.0 = Debug|Any CPU
		{E3A26D41-6ED5-4AFC-867E-1F9D1EC92264}.Release|Any CPU.ActiveCfg = Release|Any CPU
		{E3A26D41-6ED5-4AFC-867E-1F9D1EC92264}.Release|Any CPU.Build.0 = Release|Any CPU
	EndGlobalSection
	GlobalSection(SolutionProperties) = preSolution
		HideSolutionNode = FALSE
	EndGlobalSection
	GlobalSection(ExtensibilityGlobals) = postSolution
		SolutionGuid = {7B88F079-C449-4B25-A21B-697F64E03223}
	EndGlobalSection
EndGlobal
